// !$*UTF8*$!
{
	archiveVersion = 1;
	classes = {
	};
	objectVersion = 50;
	objects = {

/* Begin PBXBuildFile section */
		80E649F32500A0FA006E3F97 /* AppDelegate.swift in Sources */ = {isa = PBXBuildFile; fileRef = 80E649F22500A0FA006E3F97 /* AppDelegate.swift */; };
		80E649F52500A0FA006E3F97 /* SceneDelegate.swift in Sources */ = {isa = PBXBuildFile; fileRef = 80E649F42500A0FA006E3F97 /* SceneDelegate.swift */; };
		80E649F72500A0FA006E3F97 /* ViewController.swift in Sources */ = {isa = PBXBuildFile; fileRef = 80E649F62500A0FA006E3F97 /* ViewController.swift */; };
		80E649FA2500A0FA006E3F97 /* Main.storyboard in Resources */ = {isa = PBXBuildFile; fileRef = 80E649F82500A0FA006E3F97 /* Main.storyboard */; };
		80E649FC2500A0FB006E3F97 /* Assets.xcassets in Resources */ = {isa = PBXBuildFile; fileRef = 80E649FB2500A0FB006E3F97 /* Assets.xcassets */; };
		80E649FF2500A0FB006E3F97 /* LaunchScreen.storyboard in Resources */ = {isa = PBXBuildFile; fileRef = 80E649FD2500A0FB006E3F97 /* LaunchScreen.storyboard */; };
		80E64A0A2500A0FB006E3F97 /* flixsterTests.swift in Sources */ = {isa = PBXBuildFile; fileRef = 80E64A092500A0FB006E3F97 /* flixsterTests.swift */; };
		80E64A152500A0FC006E3F97 /* flixsterUITests.swift in Sources */ = {isa = PBXBuildFile; fileRef = 80E64A142500A0FC006E3F97 /* flixsterUITests.swift */; };
/* End PBXBuildFile section */

/* Begin PBXContainerItemProxy section */
		80E64A062500A0FB006E3F97 /* PBXContainerItemProxy */ = {
			isa = PBXContainerItemProxy;
			containerPortal = 80E649E72500A0FA006E3F97 /* Project object */;
			proxyType = 1;
			remoteGlobalIDString = 80E649EE2500A0FA006E3F97;
			remoteInfo = flixster;
		};
		80E64A112500A0FC006E3F97 /* PBXContainerItemProxy */ = {
			isa = PBXContainerItemProxy;
			containerPortal = 80E649E72500A0FA006E3F97 /* Project object */;
			proxyType = 1;
			remoteGlobalIDString = 80E649EE2500A0FA006E3F97;
			remoteInfo = flixster;
		};
/* End PBXContainerItemProxy section */

/* Begin PBXFileReference section */
		80E649EF2500A0FA006E3F97 /* flixster.app */ = {isa = PBXFileReference; explicitFileType = wrapper.application; includeInIndex = 0; path = flixster.app; sourceTree = BUILT_PRODUCTS_DIR; };
		80E649F22500A0FA006E3F97 /* AppDelegate.swift */ = {isa = PBXFileReference; lastKnownFileType = sourcecode.swift; path = AppDelegate.swift; sourceTree = "<group>"; };
		80E649F42500A0FA006E3F97 /* SceneDelegate.swift */ = {isa = PBXFileReference; lastKnownFileType = sourcecode.swift; path = SceneDelegate.swift; sourceTree = "<group>"; };
		80E649F62500A0FA006E3F97 /* ViewController.swift */ = {isa = PBXFileReference; lastKnownFileType = sourcecode.swift; path = ViewController.swift; sourceTree = "<group>"; };
		80E649F92500A0FA006E3F97 /* Base */ = {isa = PBXFileReference; lastKnownFileType = file.storyboard; name = Base; path = Base.lproj/Main.storyboard; sourceTree = "<group>"; };
		80E649FB2500A0FB006E3F97 /* Assets.xcassets */ = {isa = PBXFileReference; lastKnownFileType = folder.assetcatalog; path = Assets.xcassets; sourceTree = "<group>"; };
		80E649FE2500A0FB006E3F97 /* Base */ = {isa = PBXFileReference; lastKnownFileType = file.storyboard; name = Base; path = Base.lproj/LaunchScreen.storyboard; sourceTree = "<group>"; };
		80E64A002500A0FB006E3F97 /* Info.plist */ = {isa = PBXFileReference; lastKnownFileType = text.plist.xml; path = Info.plist; sourceTree = "<group>"; };
		80E64A052500A0FB006E3F97 /* flixsterTests.xctest */ = {isa = PBXFileReference; explicitFileType = wrapper.cfbundle; includeInIndex = 0; path = flixsterTests.xctest; sourceTree = BUILT_PRODUCTS_DIR; };
		80E64A092500A0FB006E3F97 /* flixsterTests.swift */ = {isa = PBXFileReference; lastKnownFileType = sourcecode.swift; path = flixsterTests.swift; sourceTree = "<group>"; };
		80E64A0B2500A0FB006E3F97 /* Info.plist */ = {isa = PBXFileReference; lastKnownFileType = text.plist.xml; path = Info.plist; sourceTree = "<group>"; };
		80E64A102500A0FC006E3F97 /* flixsterUITests.xctest */ = {isa = PBXFileReference; explicitFileType = wrapper.cfbundle; includeInIndex = 0; path = flixsterUITests.xctest; sourceTree = BUILT_PRODUCTS_DIR; };
		80E64A142500A0FC006E3F97 /* flixsterUITests.swift */ = {isa = PBXFileReference; lastKnownFileType = sourcecode.swift; path = flixsterUITests.swift; sourceTree = "<group>"; };
		80E64A162500A0FC006E3F97 /* Info.plist */ = {isa = PBXFileReference; lastKnownFileType = text.plist.xml; path = Info.plist; sourceTree = "<group>"; };
/* End PBXFileReference section */

/* Begin PBXFrameworksBuildPhase section */
		80E649EC2500A0FA006E3F97 /* Frameworks */ = {
			isa = PBXFrameworksBuildPhase;
			buildActionMask = 2147483647;
			files = (
			);
			runOnlyForDeploymentPostprocessing = 0;
		};
		80E64A022500A0FB006E3F97 /* Frameworks */ = {
			isa = PBXFrameworksBuildPhase;
			buildActionMask = 2147483647;
			files = (
			);
			runOnlyForDeploymentPostprocessing = 0;
		};
		80E64A0D2500A0FB006E3F97 /* Frameworks */ = {
			isa = PBXFrameworksBuildPhase;
			buildActionMask = 2147483647;
			files = (
			);
			runOnlyForDeploymentPostprocessing = 0;
		};
/* End PBXFrameworksBuildPhase section */

/* Begin PBXGroup section */
		80E649E62500A0FA006E3F97 = {
			isa = PBXGroup;
			children = (
				80E649F12500A0FA006E3F97 /* flixster */,
				80E64A082500A0FB006E3F97 /* flixsterTests */,
				80E64A132500A0FC006E3F97 /* flixsterUITests */,
				80E649F02500A0FA006E3F97 /* Products */,
			);
			sourceTree = "<group>";
		};
		80E649F02500A0FA006E3F97 /* Products */ = {
			isa = PBXGroup;
			children = (
				80E649EF2500A0FA006E3F97 /* flixster.app */,
				80E64A052500A0FB006E3F97 /* flixsterTests.xctest */,
				80E64A102500A0FC006E3F97 /* flixsterUITests.xctest */,
			);
			name = Products;
			sourceTree = "<group>";
		};
		80E649F12500A0FA006E3F97 /* flixster */ = {
			isa = PBXGroup;
			children = (
				80E649F22500A0FA006E3F97 /* AppDelegate.swift */,
				80E649F42500A0FA006E3F97 /* SceneDelegate.swift */,
				80E649F62500A0FA006E3F97 /* ViewController.swift */,
				80E649F82500A0FA006E3F97 /* Main.storyboard */,
				80E649FB2500A0FB006E3F97 /* Assets.xcassets */,
				80E649FD2500A0FB006E3F97 /* LaunchScreen.storyboard */,
				80E64A002500A0FB006E3F97 /* Info.plist */,
			);
			path = flixster;
			sourceTree = "<group>";
		};
		80E64A082500A0FB006E3F97 /* flixsterTests */ = {
			isa = PBXGroup;
			children = (
				80E64A092500A0FB006E3F97 /* flixsterTests.swift */,
				80E64A0B2500A0FB006E3F97 /* Info.plist */,
			);
			path = flixsterTests;
			sourceTree = "<group>";
		};
		80E64A132500A0FC006E3F97 /* flixsterUITests */ = {
			isa = PBXGroup;
			children = (
				80E64A142500A0FC006E3F97 /* flixsterUITests.swift */,
				80E64A162500A0FC006E3F97 /* Info.plist */,
			);
			path = flixsterUITests;
			sourceTree = "<group>";
		};
/* End PBXGroup section */

/* Begin PBXNativeTarget section */
		80E649EE2500A0FA006E3F97 /* flixster */ = {
			isa = PBXNativeTarget;
			buildConfigurationList = 80E64A192500A0FC006E3F97 /* Build configuration list for PBXNativeTarget "flixster" */;
			buildPhases = (
				80E649EB2500A0FA006E3F97 /* Sources */,
				80E649EC2500A0FA006E3F97 /* Frameworks */,
				80E649ED2500A0FA006E3F97 /* Resources */,
			);
			buildRules = (
			);
			dependencies = (
			);
			name = flixster;
			productName = flixster;
			productReference = 80E649EF2500A0FA006E3F97 /* flixster.app */;
			productType = "com.apple.product-type.application";
		};
		80E64A042500A0FB006E3F97 /* flixsterTests */ = {
			isa = PBXNativeTarget;
			buildConfigurationList = 80E64A1C2500A0FC006E3F97 /* Build configuration list for PBXNativeTarget "flixsterTests" */;
			buildPhases = (
				80E64A012500A0FB006E3F97 /* Sources */,
				80E64A022500A0FB006E3F97 /* Frameworks */,
				80E64A032500A0FB006E3F97 /* Resources */,
			);
			buildRules = (
			);
			dependencies = (
				80E64A072500A0FB006E3F97 /* PBXTargetDependency */,
			);
			name = flixsterTests;
			productName = flixsterTests;
			productReference = 80E64A052500A0FB006E3F97 /* flixsterTests.xctest */;
			productType = "com.apple.product-type.bundle.unit-test";
		};
		80E64A0F2500A0FB006E3F97 /* flixsterUITests */ = {
			isa = PBXNativeTarget;
			buildConfigurationList = 80E64A1F2500A0FC006E3F97 /* Build configuration list for PBXNativeTarget "flixsterUITests" */;
			buildPhases = (
				80E64A0C2500A0FB006E3F97 /* Sources */,
				80E64A0D2500A0FB006E3F97 /* Frameworks */,
				80E64A0E2500A0FB006E3F97 /* Resources */,
			);
			buildRules = (
			);
			dependencies = (
				80E64A122500A0FC006E3F97 /* PBXTargetDependency */,
			);
			name = flixsterUITests;
			productName = flixsterUITests;
			productReference = 80E64A102500A0FC006E3F97 /* flixsterUITests.xctest */;
			productType = "com.apple.product-type.bundle.ui-testing";
		};
/* End PBXNativeTarget section */

/* Begin PBXProject section */
		80E649E72500A0FA006E3F97 /* Project object */ = {
			isa = PBXProject;
			attributes = {
				LastSwiftUpdateCheck = 1160;
				LastUpgradeCheck = 1160;
				ORGANIZATIONNAME = "mina849669@gmail.com";
				TargetAttributes = {
					80E649EE2500A0FA006E3F97 = {
						CreatedOnToolsVersion = 11.6;
					};
					80E64A042500A0FB006E3F97 = {
						CreatedOnToolsVersion = 11.6;
						TestTargetID = 80E649EE2500A0FA006E3F97;
					};
					80E64A0F2500A0FB006E3F97 = {
						CreatedOnToolsVersion = 11.6;
						TestTargetID = 80E649EE2500A0FA006E3F97;
					};
				};
			};
			buildConfigurationList = 80E649EA2500A0FA006E3F97 /* Build configuration list for PBXProject "flixster" */;
			compatibilityVersion = "Xcode 9.3";
			developmentRegion = en;
			hasScannedForEncodings = 0;
			knownRegions = (
				en,
				Base,
			);
			mainGroup = 80E649E62500A0FA006E3F97;
			productRefGroup = 80E649F02500A0FA006E3F97 /* Products */;
			projectDirPath = "";
			projectRoot = "";
			targets = (
				80E649EE2500A0FA006E3F97 /* flixster */,
				80E64A042500A0FB006E3F97 /* flixsterTests */,
				80E64A0F2500A0FB006E3F97 /* flixsterUITests */,
			);
		};
/* End PBXProject section */

/* Begin PBXResourcesBuildPhase section */
		80E649ED2500A0FA006E3F97 /* Resources */ = {
			isa = PBXResourcesBuildPhase;
			buildActionMask = 2147483647;
			files = (
				80E649FF2500A0FB006E3F97 /* LaunchScreen.storyboard in Resources */,
				80E649FC2500A0FB006E3F97 /* Assets.xcassets in Resources */,
				80E649FA2500A0FA006E3F97 /* Main.storyboard in Resources */,
			);
			runOnlyForDeploymentPostprocessing = 0;
		};
		80E64A032500A0FB006E3F97 /* Resources */ = {
			isa = PBXResourcesBuildPhase;
			buildActionMask = 2147483647;
			files = (
			);
			runOnlyForDeploymentPostprocessing = 0;
		};
		80E64A0E2500A0FB006E3F97 /* Resources */ = {
			isa = PBXResourcesBuildPhase;
			buildActionMask = 2147483647;
			files = (
			);
			runOnlyForDeploymentPostprocessing = 0;
		};
/* End PBXResourcesBuildPhase section */

/* Begin PBXSourcesBuildPhase section */
		80E649EB2500A0FA006E3F97 /* Sources */ = {
			isa = PBXSourcesBuildPhase;
			buildActionMask = 2147483647;
			files = (
				80E649F72500A0FA006E3F97 /* ViewController.swift in Sources */,
				80E649F32500A0FA006E3F97 /* AppDelegate.swift in Sources */,
				80E649F52500A0FA006E3F97 /* SceneDelegate.swift in Sources */,
			);
			runOnlyForDeploymentPostprocessing = 0;
		};
		80E64A012500A0FB006E3F97 /* Sources */ = {
			isa = PBXSourcesBuildPhase;
			buildActionMask = 2147483647;
			files = (
				80E64A0A2500A0FB006E3F97 /* flixsterTests.swift in Sources */,
			);
			runOnlyForDeploymentPostprocessing = 0;
		};
		80E64A0C2500A0FB006E3F97 /* Sources */ = {
			isa = PBXSourcesBuildPhase;
			buildActionMask = 2147483647;
			files = (
				80E64A152500A0FC006E3F97 /* flixsterUITests.swift in Sources */,
			);
			runOnlyForDeploymentPostprocessing = 0;
		};
/* End PBXSourcesBuildPhase section */

/* Begin PBXTargetDependency section */
		80E64A072500A0FB006E3F97 /* PBXTargetDependency */ = {
			isa = PBXTargetDependency;
			target = 80E649EE2500A0FA006E3F97 /* flixster */;
			targetProxy = 80E64A062500A0FB006E3F97 /* PBXContainerItemProxy */;
		};
		80E64A122500A0FC006E3F97 /* PBXTargetDependency */ = {
			isa = PBXTargetDependency;
			target = 80E649EE2500A0FA006E3F97 /* flixster */;
			targetProxy = 80E64A112500A0FC006E3F97 /* PBXContainerItemProxy */;
		};
/* End PBXTargetDependency section */

/* Begin PBXVariantGroup section */
		80E649F82500A0FA006E3F97 /* Main.storyboard */ = {
			isa = PBXVariantGroup;
			children = (
				80E649F92500A0FA006E3F97 /* Base */,
			);
			name = Main.storyboard;
			sourceTree = "<group>";
		};
		80E649FD2500A0FB006E3F97 /* LaunchScreen.storyboard */ = {
			isa = PBXVariantGroup;
			children = (
				80E649FE2500A0FB006E3F97 /* Base */,
			);
			name = LaunchScreen.storyboard;
			sourceTree = "<group>";
		};
/* End PBXVariantGroup section */

/* Begin XCBuildConfiguration section */
		80E64A172500A0FC006E3F97 /* Debug */ = {
			isa = XCBuildConfiguration;
			buildSettings = {
				ALWAYS_SEARCH_USER_PATHS = NO;
				CLANG_ANALYZER_NONNULL = YES;
				CLANG_ANALYZER_NUMBER_OBJECT_CONVERSION = YES_AGGRESSIVE;
				CLANG_CXX_LANGUAGE_STANDARD = "gnu++14";
				CLANG_CXX_LIBRARY = "libc++";
				CLANG_ENABLE_MODULES = YES;
				CLANG_ENABLE_OBJC_ARC = YES;
				CLANG_ENABLE_OBJC_WEAK = YES;
				CLANG_WARN_BLOCK_CAPTURE_AUTORELEASING = YES;
				CLANG_WARN_BOOL_CONVERSION = YES;
				CLANG_WARN_COMMA = YES;
				CLANG_WARN_CONSTANT_CONVERSION = YES;
				CLANG_WARN_DEPRECATED_OBJC_IMPLEMENTATIONS = YES;
				CLANG_WARN_DIRECT_OBJC_ISA_USAGE = YES_ERROR;
				CLANG_WARN_DOCUMENTATION_COMMENTS = YES;
				CLANG_WARN_EMPTY_BODY = YES;
				CLANG_WARN_ENUM_CONVERSION = YES;
				CLANG_WARN_INFINITE_RECURSION = YES;
				CLANG_WARN_INT_CONVERSION = YES;
				CLANG_WARN_NON_LITERAL_NULL_CONVERSION = YES;
				CLANG_WARN_OBJC_IMPLICIT_RETAIN_SELF = YES;
				CLANG_WARN_OBJC_LITERAL_CONVERSION = YES;
				CLANG_WARN_OBJC_ROOT_CLASS = YES_ERROR;
				CLANG_WARN_RANGE_LOOP_ANALYSIS = YES;
				CLANG_WARN_STRICT_PROTOTYPES = YES;
				CLANG_WARN_SUSPICIOUS_MOVE = YES;
				CLANG_WARN_UNGUARDED_AVAILABILITY = YES_AGGRESSIVE;
				CLANG_WARN_UNREACHABLE_CODE = YES;
				CLANG_WARN__DUPLICATE_METHOD_MATCH = YES;
				COPY_PHASE_STRIP = NO;
				DEBUG_INFORMATION_FORMAT = dwarf;
				ENABLE_STRICT_OBJC_MSGSEND = YES;
				ENABLE_TESTABILITY = YES;
				GCC_C_LANGUAGE_STANDARD = gnu11;
				GCC_DYNAMIC_NO_PIC = NO;
				GCC_NO_COMMON_BLOCKS = YES;
				GCC_OPTIMIZATION_LEVEL = 0;
				GCC_PREPROCESSOR_DEFINITIONS = (
					"DEBUG=1",
					"$(inherited)",
				);
				GCC_WARN_64_TO_32_BIT_CONVERSION = YES;
				GCC_WARN_ABOUT_RETURN_TYPE = YES_ERROR;
				GCC_WARN_UNDECLARED_SELECTOR = YES;
				GCC_WARN_UNINITIALIZED_AUTOS = YES_AGGRESSIVE;
				GCC_WARN_UNUSED_FUNCTION = YES;
				GCC_WARN_UNUSED_VARIABLE = YES;
				IPHONEOS_DEPLOYMENT_TARGET = 13.6;
				MTL_ENABLE_DEBUG_INFO = INCLUDE_SOURCE;
				MTL_FAST_MATH = YES;
				ONLY_ACTIVE_ARCH = YES;
				SDKROOT = iphoneos;
				SWIFT_ACTIVE_COMPILATION_CONDITIONS = DEBUG;
				SWIFT_OPTIMIZATION_LEVEL = "-Onone";
			};
			name = Debug;
		};
		80E64A182500A0FC006E3F97 /* Release */ = {
			isa = XCBuildConfiguration;
			buildSettings = {
				ALWAYS_SEARCH_USER_PATHS = NO;
				CLANG_ANALYZER_NONNULL = YES;
				CLANG_ANALYZER_NUMBER_OBJECT_CONVERSION = YES_AGGRESSIVE;
				CLANG_CXX_LANGUAGE_STANDARD = "gnu++14";
				CLANG_CXX_LIBRARY = "libc++";
				CLANG_ENABLE_MODULES = YES;
				CLANG_ENABLE_OBJC_ARC = YES;
				CLANG_ENABLE_OBJC_WEAK = YES;
				CLANG_WARN_BLOCK_CAPTURE_AUTORELEASING = YES;
				CLANG_WARN_BOOL_CONVERSION = YES;
				CLANG_WARN_COMMA = YES;
				CLANG_WARN_CONSTANT_CONVERSION = YES;
				CLANG_WARN_DEPRECATED_OBJC_IMPLEMENTATIONS = YES;
				CLANG_WARN_DIRECT_OBJC_ISA_USAGE = YES_ERROR;
				CLANG_WARN_DOCUMENTATION_COMMENTS = YES;
				CLANG_WARN_EMPTY_BODY = YES;
				CLANG_WARN_ENUM_CONVERSION = YES;
				CLANG_WARN_INFINITE_RECURSION = YES;
				CLANG_WARN_INT_CONVERSION = YES;
				CLANG_WARN_NON_LITERAL_NULL_CONVERSION = YES;
				CLANG_WARN_OBJC_IMPLICIT_RETAIN_SELF = YES;
				CLANG_WARN_OBJC_LITERAL_CONVERSION = YES;
				CLANG_WARN_OBJC_ROOT_CLASS = YES_ERROR;
				CLANG_WARN_RANGE_LOOP_ANALYSIS = YES;
				CLANG_WARN_STRICT_PROTOTYPES = YES;
				CLANG_WARN_SUSPICIOUS_MOVE = YES;
				CLANG_WARN_UNGUARDED_AVAILABILITY = YES_AGGRESSIVE;
				CLANG_WARN_UNREACHABLE_CODE = YES;
				CLANG_WARN__DUPLICATE_METHOD_MATCH = YES;
				COPY_PHASE_STRIP = NO;
				DEBUG_INFORMATION_FORMAT = "dwarf-with-dsym";
				ENABLE_NS_ASSERTIONS = NO;
				ENABLE_STRICT_OBJC_MSGSEND = YES;
				GCC_C_LANGUAGE_STANDARD = gnu11;
				GCC_NO_COMMON_BLOCKS = YES;
				GCC_WARN_64_TO_32_BIT_CONVERSION = YES;
				GCC_WARN_ABOUT_RETURN_TYPE = YES_ERROR;
				GCC_WARN_UNDECLARED_SELECTOR = YES;
				GCC_WARN_UNINITIALIZED_AUTOS = YES_AGGRESSIVE;
				GCC_WARN_UNUSED_FUNCTION = YES;
				GCC_WARN_UNUSED_VARIABLE = YES;
				IPHONEOS_DEPLOYMENT_TARGET = 13.6;
				MTL_ENABLE_DEBUG_INFO = NO;
				MTL_FAST_MATH = YES;
				SDKROOT = iphoneos;
				SWIFT_COMPILATION_MODE = wholemodule;
				SWIFT_OPTIMIZATION_LEVEL = "-O";
				VALIDATE_PRODUCT = YES;
			};
			name = Release;
		};
		80E64A1A2500A0FC006E3F97 /* Debug */ = {
			isa = XCBuildConfiguration;
			buildSettings = {
				ASSETCATALOG_COMPILER_APPICON_NAME = AppIcon;
				CODE_SIGN_STYLE = Automatic;
				INFOPLIST_FILE = flixster/Info.plist;
				LD_RUNPATH_SEARCH_PATHS = (
					"$(inherited)",
					"@executable_path/Frameworks",
				);
				PRODUCT_BUNDLE_IDENTIFIER = Codepath.flixster;
				PRODUCT_NAME = "$(TARGET_NAME)";
				SWIFT_VERSION = 5.0;
				TARGETED_DEVICE_FAMILY = "1,2";
			};
			name = Debug;
		};
		80E64A1B2500A0FC006E3F97 /* Release */ = {
			isa = XCBuildConfiguration;
			buildSettings = {
				ASSETCATALOG_COMPILER_APPICON_NAME = AppIcon;
				CODE_SIGN_STYLE = Automatic;
				INFOPLIST_FILE = flixster/Info.plist;
				LD_RUNPATH_SEARCH_PATHS = (
					"$(inherited)",
					"@executable_path/Frameworks",
				);
				PRODUCT_BUNDLE_IDENTIFIER = Codepath.flixster;
				PRODUCT_NAME = "$(TARGET_NAME)";
				SWIFT_VERSION = 5.0;
				TARGETED_DEVICE_FAMILY = "1,2";
			};
			name = Release;
		};
		80E64A1D2500A0FC006E3F97 /* Debug */ = {
			isa = XCBuildConfiguration;
			buildSettings = {
				ALWAYS_EMBED_SWIFT_STANDARD_LIBRARIES = YES;
				BUNDLE_LOADER = "$(TEST_HOST)";
				CODE_SIGN_STYLE = Automatic;
				INFOPLIST_FILE = flixsterTests/Info.plist;
				IPHONEOS_DEPLOYMENT_TARGET = 13.6;
				LD_RUNPATH_SEARCH_PATHS = (
					"$(inherited)",
					"@executable_path/Frameworks",
					"@loader_path/Frameworks",
				);
				PRODUCT_BUNDLE_IDENTIFIER = Codepath.flixsterTests;
				PRODUCT_NAME = "$(TARGET_NAME)";
				SWIFT_VERSION = 5.0;
				TARGETED_DEVICE_FAMILY = "1,2";
				TEST_HOST = "$(BUILT_PRODUCTS_DIR)/flixster.app/flixster";
			};
			name = Debug;
		};
		80E64A1E2500A0FC006E3F97 /* Release */ = {
			isa = XCBuildConfiguration;
			buildSettings = {
				ALWAYS_EMBED_SWIFT_STANDARD_LIBRARIES = YES;
				BUNDLE_LOADER = "$(TEST_HOST)";
				CODE_SIGN_STYLE = Automatic;
				INFOPLIST_FILE = flixsterTests/Info.plist;
				IPHONEOS_DEPLOYMENT_TARGET = 13.6;
				LD_RUNPATH_SEARCH_PATHS = (
					"$(inherited)",
					"@executable_path/Frameworks",
					"@loader_path/Frameworks",
				);
				PRODUCT_BUNDLE_IDENTIFIER = Codepath.flixsterTests;
				PRODUCT_NAME = "$(TARGET_NAME)";
				SWIFT_VERSION = 5.0;
				TARGETED_DEVICE_FAMILY = "1,2";
				TEST_HOST = "$(BUILT_PRODUCTS_DIR)/flixster.app/flixster";
			};
			name = Release;
		};
		80E64A202500A0FC006E3F97 /* Debug */ = {
			isa = XCBuildConfiguration;
			buildSettings = {
				ALWAYS_EMBED_SWIFT_STANDARD_LIBRARIES = YES;
				CODE_SIGN_STYLE = Automatic;
				INFOPLIST_FILE = flixsterUITests/Info.plist;
				LD_RUNPATH_SEARCH_PATHS = (
					"$(inherited)",
					"@executable_path/Frameworks",
					"@loader_path/Frameworks",
				);
				PRODUCT_BUNDLE_IDENTIFIER = Codepath.flixsterUITests;
				PRODUCT_NAME = "$(TARGET_NAME)";
				SWIFT_VERSION = 5.0;
				TARGETED_DEVICE_FAMILY = "1,2";
				TEST_TARGET_NAME = flixster;
			};
			name = Debug;
		};
		80E64A212500A0FC006E3F97 /* Release */ = {
			isa = XCBuildConfiguration;
			buildSettings = {
				ALWAYS_EMBED_SWIFT_STANDARD_LIBRARIES = YES;
				CODE_SIGN_STYLE = Automatic;
				INFOPLIST_FILE = flixsterUITests/Info.plist;
				LD_RUNPATH_SEARCH_PATHS = (
					"$(inherited)",
					"@executable_path/Frameworks",
					"@loader_path/Frameworks",
				);
				PRODUCT_BUNDLE_IDENTIFIER = Codepath.flixsterUITests;
				PRODUCT_NAME = "$(TARGET_NAME)";
				SWIFT_VERSION = 5.0;
				TARGETED_DEVICE_FAMILY = "1,2";
				TEST_TARGET_NAME = flixster;
			};
			name = Release;
		};
/* End XCBuildConfiguration section */

/* Begin XCConfigurationList section */
		80E649EA2500A0FA006E3F97 /* Build configuration list for PBXProject "flixster" */ = {
			isa = XCConfigurationList;
			buildConfigurations = (
				80E64A172500A0FC006E3F97 /* Debug */,
				80E64A182500A0FC006E3F97 /* Release */,
			);
			defaultConfigurationIsVisible = 0;
			defaultConfigurationName = Release;
		};
		80E64A192500A0FC006E3F97 /* Build configuration list for PBXNativeTarget "flixster" */ = {
			isa = XCConfigurationList;
			buildConfigurations = (
				80E64A1A2500A0FC006E3F97 /* Debug */,
				80E64A1B2500A0FC006E3F97 /* Release */,
			);
			defaultConfigurationIsVisible = 0;
			defaultConfigurationName = Release;
		};
		80E64A1C2500A0FC006E3F97 /* Build configuration list for PBXNativeTarget "flixsterTests" */ = {
			isa = XCConfigurationList;
			buildConfigurations = (
				80E64A1D2500A0FC006E3F97 /* Debug */,
				80E64A1E2500A0FC006E3F97 /* Release */,
			);
			defaultConfigurationIsVisible = 0;
			defaultConfigurationName = Release;
		};
		80E64A1F2500A0FC006E3F97 /* Build configuration list for PBXNativeTarget "flixsterUITests" */ = {
			isa = XCConfigurationList;
			buildConfigurations = (
				80E64A202500A0FC006E3F97 /* Debug */,
				80E64A212500A0FC006E3F97 /* Release */,
			);
			defaultConfigurationIsVisible = 0;
			defaultConfigurationName = Release;
		};
/* End XCConfigurationList section */
	};
	rootObject = 80E649E72500A0FA006E3F97 /* Project object */;
}
